
Microsoft Visual Studio Solution File, Format Version 12.00
# Visual Studio Version 17
VisualStudioVersion = 17.4.33213.308
MinimumVisualStudioVersion = 10.0.40219.1
Project("{FAE04EC0-301F-11D3-BF4B-00C04F79EFBC}") = "BackupSystemTool", "BackupSystemTool.csproj", "{BC184459-F271-456D-8B6E-E2749DF391FF}"
EndProject
Global
	GlobalSection(SolutionConfigurationPlatforms) = preSolution
		Debug|Any CPU = Debug|Any CPU
		Release|Any CPU = Release|Any CPU
	EndGlobalSection
	GlobalSection(ProjectConfigurationPlatforms) = postSolution
		{BC184459-F271-456D-8B6E-E2749DF391FF}.Debug|Any CPU.ActiveCfg = Debug|Any CPU
		{BC184459-F271-456D-8B6E-E2749DF391FF}.Debug|Any CPU.Build.0 = Debug|Any CPU
		{BC184459-F271-456D-8B6E-E2749DF391FF}.Release|Any CPU.ActiveCfg = Release|Any CPU
		{BC184459-F271-456D-8B6E-E2749DF391FF}.Release|Any CPU.Build.0 = Release|Any CPU
	EndGlobalSection
	GlobalSection(SolutionProperties) = preSolution
		HideSolutionNode = FALSE
	EndGlobalSection
	GlobalSection(ExtensibilityGlobals) = postSolution
		SolutionGuid = {70BFF766-866A-410A-9A2E-A5B442E49EC2}
	EndGlobalSection
EndGlobal
